
Microsoft Visual Studio Solution File, Format Version 12.00
# Visual Studio 2017
Project("{FAE04EC0-301F-11D3-BF4B-00C04F79EFBC}") = "Terminal2", "Terminal2.csproj", "{BD199CB4-CD87-AB4D-FFF8-2052D1085EF0}"
EndProject
Global
	GlobalSection(SolutionConfigurationPlatforms) = preSolution
		Debug|Any CPU = Debug|Any CPU
		Release|Any CPU = Release|Any CPU
	EndGlobalSection
	GlobalSection(ProjectConfigurationPlatforms) = postSolution
		{BD199CB4-CD87-AB4D-FFF8-2052D1085EF0}.Debug|Any CPU.ActiveCfg = Debug|Any CPU
		{BD199CB4-CD87-AB4D-FFF8-2052D1085EF0}.Debug|Any CPU.Build.0 = Debug|Any CPU
		{BD199CB4-CD87-AB4D-FFF8-2052D1085EF0}.Release|Any CPU.ActiveCfg = Release|Any CPU
		{BD199CB4-CD87-AB4D-FFF8-2052D1085EF0}.Release|Any CPU.Build.0 = Release|Any CPU
	EndGlobalSection
	GlobalSection(SolutionProperties) = preSolution
		HideSolutionNode = FALSE
	EndGlobalSection
EndGlobal
